version = 1
revision = 3
requires-python = ">=3.10"

[[package]]
name = "claudeshell"
version = "3.0.0"
source = { editable = "." }
dependencies = [
    { name = "pexpect", marker = "sys_platform != 'win32'" },
    { name = "pywinpty", marker = "sys_platform == 'win32'" },
    { name = "websockets" },
]

[package.metadata]
requires-dist = [
    { name = "pexpect", marker = "sys_platform != 'win32'", specifier = ">=4.8" },
    { name = "pywinpty", marker = "sys_platform == 'win32'", specifier = ">=2.0" },
    { name = "websockets", specifier = ">=14.0,<15.0" },
]

[[package]]
name = "pexpect"
version = "4.9.0"
source = { registry = "https://pypi.org/simple" }
dependencies = [
    { name = "ptyprocess" },
]
sdist = { url = "https://files.pythonhosted.org/packages/42/92/cc564bf6381ff43ce1f4d06852fc19a2f11d180f23dc32d9588bee2f149d/pexpect-4.9.0.tar.gz", hash = "sha256:ee7d41123f3c9911050ea2c2dac107568dc43b2d3b0c7557a33212c398ead30f", size = 166450, upload-time = "2023-11-25T09:07:26.339Z" }
wheels = [
    { url = "https://files.pythonhosted.org/packages/9e/c3/059298687310d527a58bb01f3b1965787ee3b40dce76752eda8b44e9a2c5/pexpect-4.9.0-py2.py3-none-any.whl", hash = "sha256:7236d1e080e4936be2dc3e326cec0af72acf9212a7e1d060210e70a47e253523", size = 63772, upload-time = "2023-11-25T06:56:14.81Z" },
]

[[package]]
name = "ptyprocess"
version = "0.7.0"
source = { registry = "https://pypi.org/simple" }
sdist = { url = "https://files.pythonhosted.org/packages/20/e5/16ff212c1e452235a90aeb09066144d0c5a6a8c0834397e03f5224495c4e/ptyprocess-0.7.0.tar.gz", hash = "sha256:5c5d0a3b48ceee0b48485e0c26037c0acd7d29765ca3fbb5cb3831d347423220", size = 70762, upload-time = "2020-12-28T15:15:30.155Z" }
wheels = [
    { url = "https://files.pythonhosted.org/packages/22/a6/858897256d0deac81a172289110f31629fc4cee19b6f01283303e18c8db3/ptyprocess-0.7.0-py2.py3-none-any.whl", hash = "sha256:4b41f3967fce3af57cc7e94b888626c18bf37a083e3651ca8feeb66d492fef35", size = 13993, upload-time = "2020-12-28T15:15:28.35Z" },
]

[[package]]
name = "pywinpty"
version = "3.0.3"
source = { registry = "https://pypi.org/simple" }
sdist = { url = "https://files.pythonhosted.org/packages/f7/54/37c7370ba91f579235049dc26cd2c5e657d2a943e01820844ffc81f32176/pywinpty-3.0.3.tar.gz", hash = "sha256:523441dc34d231fb361b4b00f8c99d3f16de02f5005fd544a0183112bcc22412", size = 31309, upload-time = "2026-02-04T21:51:09.524Z" }
wheels = [
    { url = "https://files.pythonhosted.org/packages/62/28/a652709bd76ca7533cd1c443b03add9f5051fdf71bc6bdb8801dddd4e7a3/pywinpty-3.0.3-cp310-cp310-win_amd64.whl", hash = "sha256:ff05f12d775b142b11c6fe085129bdd759b61cf7d41da6c745e78e3a1ef5bf40", size = 2114320, upload-time = "2026-02-04T21:53:50.972Z" },
    { url = "https://files.pythonhosted.org/packages/b2/13/a0181cc5c2d5635d3dbc3802b97bc8e3ad4fa7502ccef576651a5e08e54c/pywinpty-3.0.3-cp310-cp310-win_arm64.whl", hash = "sha256:340ccacb4d74278a631923794ccd758471cfc8eeeeee4610b280420a17ad1e82", size = 235670, upload-time = "2026-02-04T21:50:20.324Z" },
    { url = "https://files.pythonhosted.org/packages/79/c3/3e75075c7f71735f22b66fab0481f2c98e3a4d58cba55cb50ba29114bcf6/pywinpty-3.0.3-cp311-cp311-win_amd64.whl", hash = "sha256:dff25a9a6435f527d7c65608a7e62783fc12076e7d44487a4911ee91be5a8ac8", size = 2114430, upload-time = "2026-02-04T21:54:19.485Z" },
    { url = "https://files.pythonhosted.org/packages/8d/1e/8a54166a8c5e4f5cb516514bdf4090be4d51a71e8d9f6d98c0aa00fe45d4/pywinpty-3.0.3-cp311-cp311-win_arm64.whl", hash = "sha256:fbc1e230e5b193eef4431cba3f39996a288f9958f9c9f092c8a961d930ee8f68", size = 236191, upload-time = "2026-02-04T21:50:36.239Z" },
    { url = "https://files.pythonhosted.org/packages/7c/d4/aeb5e1784d2c5bff6e189138a9ca91a090117459cea0c30378e1f2db3d54/pywinpty-3.0.3-cp312-cp312-win_amd64.whl", hash = "sha256:c9081df0e49ffa86d15db4a6ba61530630e48707f987df42c9d3313537e81fc0", size = 2113098, upload-time = "2026-02-04T21:54:37.711Z" },
    { url = "https://files.pythonhosted.org/packages/b9/53/7278223c493ccfe4883239cf06c823c56460a8010e0fc778eef67858dc14/pywinpty-3.0.3-cp312-cp312-win_arm64.whl", hash = "sha256:15e79d870e18b678fb8a5a6105fd38496b55697c66e6fc0378236026bc4d59e9", size = 234901, upload-time = "2026-02-04T21:53:31.35Z" },
    { url = "https://files.pythonhosted.org/packages/e5/cb/58d6ed3fd429c96a90ef01ac9a617af10a6d41469219c25e7dc162abbb71/pywinpty-3.0.3-cp313-cp313-win_amd64.whl", hash = "sha256:9c91dbb026050c77bdcef964e63a4f10f01a639113c4d3658332614544c467ab", size = 2112686, upload-time = "2026-02-04T21:52:03.035Z" },
    { url = "https://files.pythonhosted.org/packages/fd/50/724ed5c38c504d4e58a88a072776a1e880d970789deaeb2b9f7bd9a5141a/pywinpty-3.0.3-cp313-cp313-win_arm64.whl", hash = "sha256:fe1f7911805127c94cf51f89ab14096c6f91ffdcacf993d2da6082b2142a2523", size = 234591, upload-time = "2026-02-04T21:52:29.821Z" },
    { url = "https://files.pythonhosted.org/packages/f7/ad/90a110538696b12b39fd8758a06d70ded899308198ad2305ac68e361126e/pywinpty-3.0.3-cp313-cp313t-win_amd64.whl", hash = "sha256:3f07a6cf1c1d470d284e614733c3d0f726d2c85e78508ea10a403140c3c0c18a", size = 2112360, upload-time = "2026-02-04T21:55:33.397Z" },
    { url = "https://files.pythonhosted.org/packages/44/0f/7ffa221757a220402bc79fda44044c3f2cc57338d878ab7d622add6f4581/pywinpty-3.0.3-cp313-cp313t-win_arm64.whl", hash = "sha256:15c7c0b6f8e9d87aabbaff76468dabf6e6121332c40fc1d83548d02a9d6a3759", size = 233107, upload-time = "2026-02-04T21:51:45.455Z" },
    { url = "https://files.pythonhosted.org/packages/28/88/2ff917caff61e55f38bcdb27de06ee30597881b2cae44fbba7627be015c4/pywinpty-3.0.3-cp314-cp314-win_amd64.whl", hash = "sha256:d4b6b7b0fe0cdcd02e956bd57cfe9f4e5a06514eecf3b5ae174da4f951b58be9", size = 2113282, upload-time = "2026-02-04T21:52:08.188Z" },
    { url = "https://files.pythonhosted.org/packages/63/32/40a775343ace542cc43ece3f1d1fce454021521ecac41c4c4573081c2336/pywinpty-3.0.3-cp314-cp314-win_arm64.whl", hash = "sha256:34789d685fc0d547ce0c8a65e5a70e56f77d732fa6e03c8f74fefb8cbb252019", size = 234207, upload-time = "2026-02-04T21:51:58.687Z" },
    { url = "https://files.pythonhosted.org/packages/8d/54/5d5e52f4cb75028104ca6faf36c10f9692389b1986d34471663b4ebebd6d/pywinpty-3.0.3-cp314-cp314t-win_amd64.whl", hash = "sha256:0c37e224a47a971d1a6e08649a1714dac4f63c11920780977829ed5c8cadead1", size = 2112910, upload-time = "2026-02-04T21:52:30.976Z" },
    { url = "https://files.pythonhosted.org/packages/0a/44/dcd184824e21d4620b06c7db9fbb15c3ad0a0f1fa2e6de79969fb82647ec/pywinpty-3.0.3-cp314-cp314t-win_arm64.whl", hash = "sha256:c4e9c3dff7d86ba81937438d5819f19f385a39d8f592d4e8af67148ceb4f6ab5", size = 233425, upload-time = "2026-02-04T21:51:56.754Z" },
]

[[package]]
name = "websockets"
version = "14.2"
source = { registry = "https://pypi.org/simple" }
sdist = { url = "https://files.pythonhosted.org/packages/94/54/8359678c726243d19fae38ca14a334e740782336c9f19700858c4eb64a1e/websockets-14.2.tar.gz", hash = "sha256:5059ed9c54945efb321f097084b4c7e52c246f2c869815876a69d1efc4ad6eb5", size = 164394, upload-time = "2025-01-19T21:00:56.431Z" }
wheels = [
    { url = "https://files.pythonhosted.org/packages/28/fa/76607eb7dcec27b2d18d63f60a32e60e2b8629780f343bb83a4dbb9f4350/websockets-14.2-cp310-cp310-macosx_10_9_universal2.whl", hash = "sha256:e8179f95323b9ab1c11723e5d91a89403903f7b001828161b480a7810b334885", size = 163089, upload-time = "2025-01-19T20:58:43.399Z" },
    { url = "https://files.pythonhosted.org/packages/9e/00/ad2246b5030575b79e7af0721810fdaecaf94c4b2625842ef7a756fa06dd/websockets-14.2-cp310-cp310-macosx_10_9_x86_64.whl", hash = "sha256:0d8c3e2cdb38f31d8bd7d9d28908005f6fa9def3324edb9bf336d7e4266fd397", size = 160741, upload-time = "2025-01-19T20:58:45.309Z" },
    { url = "https://files.pythonhosted.org/packages/72/f7/60f10924d333a28a1ff3fcdec85acf226281331bdabe9ad74947e1b7fc0a/websockets-14.2-cp310-cp310-macosx_11_0_arm64.whl", hash = "sha256:714a9b682deb4339d39ffa674f7b674230227d981a37d5d174a4a83e3978a610", size = 160996, upload-time = "2025-01-19T20:58:47.563Z" },
    { url = "https://files.pythonhosted.org/packages/63/7c/c655789cf78648c01ac6ecbe2d6c18f91b75bdc263ffee4d08ce628d12f0/websockets-14.2-cp310-cp310-manylinux_2_17_aarch64.manylinux2014_aarch64.whl", hash = "sha256:f2e53c72052f2596fb792a7acd9704cbc549bf70fcde8a99e899311455974ca3", size = 169974, upload-time = "2025-01-19T20:58:51.023Z" },
    { url = "https://files.pythonhosted.org/packages/fb/5b/013ed8b4611857ac92ac631079c08d9715b388bd1d88ec62e245f87a39df/websockets-14.2-cp310-cp310-manylinux_2_5_i686.manylinux1_i686.manylinux_2_17_i686.manylinux2014_i686.whl", hash = "sha256:e3fbd68850c837e57373d95c8fe352203a512b6e49eaae4c2f4088ef8cf21980", size = 168985, upload-time = "2025-01-19T20:58:52.698Z" },
    { url = "https://files.pythonhosted.org/packages/cd/33/aa3e32fd0df213a5a442310754fe3f89dd87a0b8e5b4e11e0991dd3bcc50/websockets-14.2-cp310-cp310-manylinux_2_5_x86_64.manylinux1_x86_64.manylinux_2_17_x86_64.manylinux2014_x86_64.whl", hash = "sha256:4b27ece32f63150c268593d5fdb82819584831a83a3f5809b7521df0685cd5d8", size = 169297, upload-time = "2025-01-19T20:58:54.898Z" },
    { url = "https://files.pythonhosted.org/packages/93/17/dae0174883d6399f57853ac44abf5f228eaba86d98d160f390ffabc19b6e/websockets-14.2-cp310-cp310-musllinux_1_2_aarch64.whl", hash = "sha256:4daa0faea5424d8713142b33825fff03c736f781690d90652d2c8b053345b0e7", size = 169677, upload-time = "2025-01-19T20:58:56.36Z" },
    { url = "https://files.pythonhosted.org/packages/42/e2/0375af7ac00169b98647c804651c515054b34977b6c1354f1458e4116c1e/websockets-14.2-cp310-cp310-musllinux_1_2_i686.whl", hash = "sha256:bc63cee8596a6ec84d9753fd0fcfa0452ee12f317afe4beae6b157f0070c6c7f", size = 169089, upload-time = "2025-01-19T20:58:58.824Z" },
    { url = "https://files.pythonhosted.org/packages/73/8d/80f71d2a351a44b602859af65261d3dde3a0ce4e76cf9383738a949e0cc3/websockets-14.2-cp310-cp310-musllinux_1_2_x86_64.whl", hash = "sha256:7a570862c325af2111343cc9b0257b7119b904823c675b22d4ac547163088d0d", size = 169026, upload-time = "2025-01-19T20:59:01.089Z" },
    { url = "https://files.pythonhosted.org/packages/48/97/173b1fa6052223e52bb4054a141433ad74931d94c575e04b654200b98ca4/websockets-14.2-cp310-cp310-win32.whl", hash = "sha256:75862126b3d2d505e895893e3deac0a9339ce750bd27b4ba515f008b5acf832d", size = 163967, upload-time = "2025-01-19T20:59:02.662Z" },
    { url = "https://files.pythonhosted.org/packages/c0/5b/2fcf60f38252a4562b28b66077e0d2b48f91fef645d5f78874cd1dec807b/websockets-14.2-cp310-cp310-win_amd64.whl", hash = "sha256:cc45afb9c9b2dc0852d5c8b5321759cf825f82a31bfaf506b65bf4668c96f8b2", size = 164413, upload-time = "2025-01-19T20:59:05.071Z" },
    { url = "https://files.pythonhosted.org/packages/15/b6/504695fb9a33df0ca56d157f5985660b5fc5b4bf8c78f121578d2d653392/websockets-14.2-cp311-cp311-macosx_10_9_universal2.whl", hash = "sha256:3bdc8c692c866ce5fefcaf07d2b55c91d6922ac397e031ef9b774e5b9ea42166", size = 163088, upload-time = "2025-01-19T20:59:06.435Z" },
    { url = "https://files.pythonhosted.org/packages/81/26/ebfb8f6abe963c795122439c6433c4ae1e061aaedfc7eff32d09394afbae/websockets-14.2-cp311-cp311-macosx_10_9_x86_64.whl", hash = "sha256:c93215fac5dadc63e51bcc6dceca72e72267c11def401d6668622b47675b097f", size = 160745, upload-time = "2025-01-19T20:59:09.109Z" },
    { url = "https://files.pythonhosted.org/packages/a1/c6/1435ad6f6dcbff80bb95e8986704c3174da8866ddb751184046f5c139ef6/websockets-14.2-cp311-cp311-macosx_11_0_arm64.whl", hash = "sha256:1c9b6535c0e2cf8a6bf938064fb754aaceb1e6a4a51a80d884cd5db569886910", size = 160995, upload-time = "2025-01-19T20:59:12.816Z" },
    { url = "https://files.pythonhosted.org/packages/96/63/900c27cfe8be1a1f2433fc77cd46771cf26ba57e6bdc7cf9e63644a61863/websockets-14.2-cp311-cp311-manylinux_2_17_aarch64.manylinux2014_aarch64.whl", hash = "sha256:0a52a6d7cf6938e04e9dceb949d35fbdf58ac14deea26e685ab6368e73744e4c", size = 170543, upload-time = "2025-01-19T20:59:15.026Z" },
    { url = "https://files.pythonhosted.org/packages/00/8b/bec2bdba92af0762d42d4410593c1d7d28e9bfd952c97a3729df603dc6ea/websockets-14.2-cp311-cp311-manylinux_2_5_i686.manylinux1_i686.manylinux_2_17_i686.manylinux2014_i686.whl", hash = "sha256:9f05702e93203a6ff5226e21d9b40c037761b2cfb637187c9802c10f58e40473", size = 169546, upload-time = "2025-01-19T20:59:17.156Z" },
    { url = "https://files.pythonhosted.org/packages/6b/a9/37531cb5b994f12a57dec3da2200ef7aadffef82d888a4c29a0d781568e4/websockets-14.2-cp311-cp311-manylinux_2_5_x86_64.manylinux1_x86_64.manylinux_2_17_x86_64.manylinux2014_x86_64.whl", hash = "sha256:22441c81a6748a53bfcb98951d58d1af0661ab47a536af08920d129b4d1c3473", size = 169911, upload-time = "2025-01-19T20:59:18.623Z" },
    { url = "https://files.pythonhosted.org/packages/60/d5/a6eadba2ed9f7e65d677fec539ab14a9b83de2b484ab5fe15d3d6d208c28/websockets-14.2-cp311-cp311-musllinux_1_2_aarch64.whl", hash = "sha256:efd9b868d78b194790e6236d9cbc46d68aba4b75b22497eb4ab64fa640c3af56", size = 170183, upload-time = "2025-01-19T20:59:20.743Z" },
    { url = "https://files.pythonhosted.org/packages/76/57/a338ccb00d1df881c1d1ee1f2a20c9c1b5b29b51e9e0191ee515d254fea6/websockets-14.2-cp311-cp311-musllinux_1_2_i686.whl", hash = "sha256:1a5a20d5843886d34ff8c57424cc65a1deda4375729cbca4cb6b3353f3ce4142", size = 169623, upload-time = "2025-01-19T20:59:22.286Z" },
    { url = "https://files.pythonhosted.org/packages/64/22/e5f7c33db0cb2c1d03b79fd60d189a1da044e2661f5fd01d629451e1db89/websockets-14.2-cp311-cp311-musllinux_1_2_x86_64.whl", hash = "sha256:34277a29f5303d54ec6468fb525d99c99938607bc96b8d72d675dee2b9f5bf1d", size = 169583, upload-time = "2025-01-19T20:59:23.656Z" },
    { url = "https://files.pythonhosted.org/packages/aa/2e/2b4662237060063a22e5fc40d46300a07142afe30302b634b4eebd717c07/websockets-14.2-cp311-cp311-win32.whl", hash = "sha256:02687db35dbc7d25fd541a602b5f8e451a238ffa033030b172ff86a93cb5dc2a", size = 163969, upload-time = "2025-01-19T20:59:26.004Z" },
    { url = "https://files.pythonhosted.org/packages/94/a5/0cda64e1851e73fc1ecdae6f42487babb06e55cb2f0dc8904b81d8ef6857/websockets-14.2-cp311-cp311-win_amd64.whl", hash = "sha256:862e9967b46c07d4dcd2532e9e8e3c2825e004ffbf91a5ef9dde519ee2effb0b", size = 164408, upload-time = "2025-01-19T20:59:28.105Z" },
    { url = "https://files.pythonhosted.org/packages/c1/81/04f7a397653dc8bec94ddc071f34833e8b99b13ef1a3804c149d59f92c18/websockets-14.2-cp312-cp312-macosx_10_13_universal2.whl", hash = "sha256:1f20522e624d7ffbdbe259c6b6a65d73c895045f76a93719aa10cd93b3de100c", size = 163096, upload-time = "2025-01-19T20:59:29.763Z" },
    { url = "https://files.pythonhosted.org/packages/ec/c5/de30e88557e4d70988ed4d2eabd73fd3e1e52456b9f3a4e9564d86353b6d/websockets-14.2-cp312-cp312-macosx_10_13_x86_64.whl", hash = "sha256:647b573f7d3ada919fd60e64d533409a79dcf1ea21daeb4542d1d996519ca967", size = 160758, upload-time = "2025-01-19T20:59:32.095Z" },
    { url = "https://files.pythonhosted.org/packages/e5/8c/d130d668781f2c77d106c007b6c6c1d9db68239107c41ba109f09e6c218a/websockets-14.2-cp312-cp312-macosx_11_0_arm64.whl", hash = "sha256:6af99a38e49f66be5a64b1e890208ad026cda49355661549c507152113049990", size = 160995, upload-time = "2025-01-19T20:59:33.527Z" },
    { url = "https://files.pythonhosted.org/packages/a6/bc/f6678a0ff17246df4f06765e22fc9d98d1b11a258cc50c5968b33d6742a1/websockets-14.2-cp312-cp312-manylinux_2_17_aarch64.manylinux2014_aarch64.whl", hash = "sha256:091ab63dfc8cea748cc22c1db2814eadb77ccbf82829bac6b2fbe3401d548eda", size = 170815, upload-time = "2025-01-19T20:59:35.837Z" },
    { url = "https://files.pythonhosted.org/packages/d8/b2/8070cb970c2e4122a6ef38bc5b203415fd46460e025652e1ee3f2f43a9a3/websockets-14.2-cp312-cp312-manylinux_2_5_i686.manylinux1_i686.manylinux_2_17_i686.manylinux2014_i686.whl", hash = "sha256:b374e8953ad477d17e4851cdc66d83fdc2db88d9e73abf755c94510ebddceb95", size = 169759, upload-time = "2025-01-19T20:59:38.216Z" },
    { url = "https://files.pythonhosted.org/packages/81/da/72f7caabd94652e6eb7e92ed2d3da818626e70b4f2b15a854ef60bf501ec/websockets-14.2-cp312-cp312-manylinux_2_5_x86_64.manylinux1_x86_64.manylinux_2_17_x86_64.manylinux2014_x86_64.whl", hash = "sha256:a39d7eceeea35db85b85e1169011bb4321c32e673920ae9c1b6e0978590012a3", size = 170178, upload-time = "2025-01-19T20:59:40.423Z" },
    { url = "https://files.pythonhosted.org/packages/31/e0/812725b6deca8afd3a08a2e81b3c4c120c17f68c9b84522a520b816cda58/websockets-14.2-cp312-cp312-musllinux_1_2_aarch64.whl", hash = "sha256:0a6f3efd47ffd0d12080594f434faf1cd2549b31e54870b8470b28cc1d3817d9", size = 170453, upload-time = "2025-01-19T20:59:41.996Z" },
    { url = "https://files.pythonhosted.org/packages/66/d3/8275dbc231e5ba9bb0c4f93144394b4194402a7a0c8ffaca5307a58ab5e3/websockets-14.2-cp312-cp312-musllinux_1_2_i686.whl", hash = "sha256:065ce275e7c4ffb42cb738dd6b20726ac26ac9ad0a2a48e33ca632351a737267", size = 169830, upload-time = "2025-01-19T20:59:44.669Z" },
    { url = "https://files.pythonhosted.org/packages/a3/ae/e7d1a56755ae15ad5a94e80dd490ad09e345365199600b2629b18ee37bc7/websockets-14.2-cp312-cp312-musllinux_1_2_x86_64.whl", hash = "sha256:e9d0e53530ba7b8b5e389c02282f9d2aa47581514bd6049d3a7cffe1385cf5fe", size = 169824, upload-time = "2025-01-19T20:59:46.932Z" },
    { url = "https://files.pythonhosted.org/packages/b6/32/88ccdd63cb261e77b882e706108d072e4f1c839ed723bf91a3e1f216bf60/websockets-14.2-cp312-cp312-win32.whl", hash = "sha256:20e6dd0984d7ca3037afcb4494e48c74ffb51e8013cac71cf607fffe11df7205", size = 163981, upload-time = "2025-01-19T20:59:49.228Z" },
    { url = "https://files.pythonhosted.org/packages/b3/7d/32cdb77990b3bdc34a306e0a0f73a1275221e9a66d869f6ff833c95b56ef/websockets-14.2-cp312-cp312-win_amd64.whl", hash = "sha256:44bba1a956c2c9d268bdcdf234d5e5ff4c9b6dc3e300545cbe99af59dda9dcce", size = 164421, upload-time = "2025-01-19T20:59:50.674Z" },
    { url = "https://files.pythonhosted.org/packages/82/94/4f9b55099a4603ac53c2912e1f043d6c49d23e94dd82a9ce1eb554a90215/websockets-14.2-cp313-cp313-macosx_10_13_universal2.whl", hash = "sha256:6f1372e511c7409a542291bce92d6c83320e02c9cf392223272287ce55bc224e", size = 163102, upload-time = "2025-01-19T20:59:52.177Z" },
    { url = "https://files.pythonhosted.org/packages/8e/b7/7484905215627909d9a79ae07070057afe477433fdacb59bf608ce86365a/websockets-14.2-cp313-cp313-macosx_10_13_x86_64.whl", hash = "sha256:4da98b72009836179bb596a92297b1a61bb5a830c0e483a7d0766d45070a08ad", size = 160766, upload-time = "2025-01-19T20:59:54.368Z" },
    { url = "https://files.pythonhosted.org/packages/a3/a4/edb62efc84adb61883c7d2c6ad65181cb087c64252138e12d655989eec05/websockets-14.2-cp313-cp313-macosx_11_0_arm64.whl", hash = "sha256:f8a86a269759026d2bde227652b87be79f8a734e582debf64c9d302faa1e9f03", size = 160998, upload-time = "2025-01-19T20:59:56.671Z" },
    { url = "https://files.pythonhosted.org/packages/f5/79/036d320dc894b96af14eac2529967a6fc8b74f03b83c487e7a0e9043d842/websockets-14.2-cp313-cp313-manylinux_2_17_aarch64.manylinux2014_aarch64.whl", hash = "sha256:86cf1aaeca909bf6815ea714d5c5736c8d6dd3a13770e885aafe062ecbd04f1f", size = 170780, upload-time = "2025-01-19T20:59:58.085Z" },
    { url = "https://files.pythonhosted.org/packages/63/75/5737d21ee4dd7e4b9d487ee044af24a935e36a9ff1e1419d684feedcba71/websockets-14.2-cp313-cp313-manylinux_2_5_i686.manylinux1_i686.manylinux_2_17_i686.manylinux2014_i686.whl", hash = "sha256:a9b0f6c3ba3b1240f602ebb3971d45b02cc12bd1845466dd783496b3b05783a5", size = 169717, upload-time = "2025-01-19T20:59:59.545Z" },
    { url = "https://files.pythonhosted.org/packages/2c/3c/bf9b2c396ed86a0b4a92ff4cdaee09753d3ee389be738e92b9bbd0330b64/websockets-14.2-cp313-cp313-manylinux_2_5_x86_64.manylinux1_x86_64.manylinux_2_17_x86_64.manylinux2014_x86_64.whl", hash = "sha256:669c3e101c246aa85bc8534e495952e2ca208bd87994650b90a23d745902db9a", size = 170155, upload-time = "2025-01-19T21:00:01.887Z" },
    { url = "https://files.pythonhosted.org/packages/75/2d/83a5aca7247a655b1da5eb0ee73413abd5c3a57fc8b92915805e6033359d/websockets-14.2-cp313-cp313-musllinux_1_2_aarch64.whl", hash = "sha256:eabdb28b972f3729348e632ab08f2a7b616c7e53d5414c12108c29972e655b20", size = 170495, upload-time = "2025-01-19T21:00:04.064Z" },
    { url = "https://files.pythonhosted.org/packages/79/dd/699238a92761e2f943885e091486378813ac8f43e3c84990bc394c2be93e/websockets-14.2-cp313-cp313-musllinux_1_2_i686.whl", hash = "sha256:2066dc4cbcc19f32c12a5a0e8cc1b7ac734e5b64ac0a325ff8353451c4b15ef2", size = 169880, upload-time = "2025-01-19T21:00:05.695Z" },
    { url = "https://files.pythonhosted.org/packages/c8/c9/67a8f08923cf55ce61aadda72089e3ed4353a95a3a4bc8bf42082810e580/websockets-14.2-cp313-cp313-musllinux_1_2_x86_64.whl", hash = "sha256:ab95d357cd471df61873dadf66dd05dd4709cae001dd6342edafc8dc6382f307", size = 169856, upload-time = "2025-01-19T21:00:07.192Z" },
    { url = "https://files.pythonhosted.org/packages/17/b1/1ffdb2680c64e9c3921d99db460546194c40d4acbef999a18c37aa4d58a3/websockets-14.2-cp313-cp313-win32.whl", hash = "sha256:a9e72fb63e5f3feacdcf5b4ff53199ec8c18d66e325c34ee4c551ca748623bbc", size = 163974, upload-time = "2025-01-19T21:00:08.698Z" },
    { url = "https://files.pythonhosted.org/packages/14/13/8b7fc4cb551b9cfd9890f0fd66e53c18a06240319915533b033a56a3d520/websockets-14.2-cp313-cp313-win_amd64.whl", hash = "sha256:b439ea828c4ba99bb3176dc8d9b933392a2413c0f6b149fdcba48393f573377f", size = 164420, upload-time = "2025-01-19T21:00:10.182Z" },
    { url = "https://files.pythonhosted.org/packages/10/3d/91d3d2bb1325cd83e8e2c02d0262c7d4426dc8fa0831ef1aa4d6bf2041af/websockets-14.2-pp310-pypy310_pp73-macosx_10_15_x86_64.whl", hash = "sha256:d7d9cafbccba46e768be8a8ad4635fa3eae1ffac4c6e7cb4eb276ba41297ed29", size = 160773, upload-time = "2025-01-19T21:00:32.225Z" },
    { url = "https://files.pythonhosted.org/packages/33/7c/cdedadfef7381939577858b1b5718a4ab073adbb584e429dd9d9dc9bfe16/websockets-14.2-pp310-pypy310_pp73-macosx_11_0_arm64.whl", hash = "sha256:c76193c1c044bd1e9b3316dcc34b174bbf9664598791e6fb606d8d29000e070c", size = 161007, upload-time = "2025-01-19T21:00:33.784Z" },
    { url = "https://files.pythonhosted.org/packages/ca/35/7a20a3c450b27c04e50fbbfc3dfb161ed8e827b2a26ae31c4b59b018b8c6/websockets-14.2-pp310-pypy310_pp73-manylinux_2_17_aarch64.manylinux2014_aarch64.whl", hash = "sha256:fd475a974d5352390baf865309fe37dec6831aafc3014ffac1eea99e84e83fc2", size = 162264, upload-time = "2025-01-19T21:00:35.255Z" },
    { url = "https://files.pythonhosted.org/packages/e8/9c/e3f9600564b0c813f2448375cf28b47dc42c514344faed3a05d71fb527f9/websockets-14.2-pp310-pypy310_pp73-manylinux_2_5_i686.manylinux1_i686.manylinux_2_17_i686.manylinux2014_i686.whl", hash = "sha256:2c6c0097a41968b2e2b54ed3424739aab0b762ca92af2379f152c1aef0187e1c", size = 161873, upload-time = "2025-01-19T21:00:37.377Z" },
    { url = "https://files.pythonhosted.org/packages/3f/37/260f189b16b2b8290d6ae80c9f96d8b34692cf1bb3475df54c38d3deb57d/websockets-14.2-pp310-pypy310_pp73-manylinux_2_5_x86_64.manylinux1_x86_64.manylinux_2_17_x86_64.manylinux2014_x86_64.whl", hash = "sha256:6d7ff794c8b36bc402f2e07c0b2ceb4a2424147ed4785ff03e2a7af03711d60a", size = 161818, upload-time = "2025-01-19T21:00:38.952Z" },
    { url = "https://files.pythonhosted.org/packages/ff/1e/e47dedac8bf7140e59aa6a679e850c4df9610ae844d71b6015263ddea37b/websockets-14.2-pp310-pypy310_pp73-win_amd64.whl", hash = "sha256:dec254fcabc7bd488dab64846f588fc5b6fe0d78f641180030f8ea27b76d72c3", size = 164465, upload-time = "2025-01-19T21:00:40.456Z" },
    { url = "https://files.pythonhosted.org/packages/7b/c8/d529f8a32ce40d98309f4470780631e971a5a842b60aec864833b3615786/websockets-14.2-py3-none-any.whl", hash = "sha256:7a6ceec4ea84469f15cf15807a747e9efe57e369c384fa86e022b3bea679b79b", size = 157416, upload-time = "2025-01-19T21:00:54.843Z" },
]
